
Microsoft Visual Studio Solution File, Format Version 12.00
# Visual Studio Version 16
VisualStudioVersion = 16.0.29519.87
MinimumVisualStudioVersion = 10.0.40219.1
Project("{FAE04EC0-301F-11D3-BF4B-00C04F79EFBC}") = "grbl.Master.UI", "grbl.Master.UI\grbl.Master.UI.csproj", "{87BDE971-0324-4408-9286-68C369A8E7F0}"
EndProject
Project("{FAE04EC0-301F-11D3-BF4B-00C04F79EFBC}") = "grbl.Master.Test", "grbl.Master.Test\grbl.Master.Test.csproj", "{EFECD692-D40B-4095-B18F-FA68251C5E7A}"
EndProject
Project("{FAE04EC0-301F-11D3-BF4B-00C04F79EFBC}") = "grbl.Master.Service", "grbl.Master.Service\grbl.Master.Service.csproj", "{5233400E-E720-4DE5-8BED-6B11F2AE14C6}"
EndProject
Project("{FAE04EC0-301F-11D3-BF4B-00C04F79EFBC}") = "grbl.Master.Model", "grbl.Master.Model\grbl.Master.Model.csproj", "{B21C205E-5CE2-436E-AFA4-F2A3DAC60D21}"
EndProject
Project("{FAE04EC0-301F-11D3-BF4B-00C04F79EFBC}") = "grbl.Master.BL", "grbl.Master.BL\grbl.Master.BL.csproj", "{A8D81938-5739-42C5-AD7E-EB78C63295B9}"
EndProject
Project("{FAE04EC0-301F-11D3-BF4B-00C04F79EFBC}") = "grbl.Master.Utilities", "grbl.Master.Utilities\grbl.Master.Utilities.csproj", "{9FE0DAFE-CC25-420D-9909-F4D53FD966B0}"
EndProject
Global
	GlobalSection(SolutionConfigurationPlatforms) = preSolution
		Debug|Any CPU = Debug|Any CPU
		Release|Any CPU = Release|Any CPU
	EndGlobalSection
	GlobalSection(ProjectConfigurationPlatforms) = postSolution
		{87BDE971-0324-4408-9286-68C369A8E7F0}.Debug|Any CPU.ActiveCfg = Debug|Any CPU
		{87BDE971-0324-4408-9286-68C369A8E7F0}.Debug|Any CPU.Build.0 = Debug|Any CPU
		{87BDE971-0324-4408-9286-68C369A8E7F0}.Release|Any CPU.ActiveCfg = Release|Any CPU
		{87BDE971-0324-4408-9286-68C369A8E7F0}.Release|Any CPU.Build.0 = Release|Any CPU
		{EFECD692-D40B-4095-B18F-FA68251C5E7A}.Debug|Any CPU.ActiveCfg = Debug|Any CPU
		{EFECD692-D40B-4095-B18F-FA68251C5E7A}.Debug|Any CPU.Build.0 = Debug|Any CPU
		{EFECD692-D40B-4095-B18F-FA68251C5E7A}.Release|Any CPU.ActiveCfg = Release|Any CPU
		{EFECD692-D40B-4095-B18F-FA68251C5E7A}.Release|Any CPU.Build.0 = Release|Any CPU
		{5233400E-E720-4DE5-8BED-6B11F2AE14C6}.Debug|Any CPU.ActiveCfg = Debug|Any CPU
		{5233400E-E720-4DE5-8BED-6B11F2AE14C6}.Debug|Any CPU.Build.0 = Debug|Any CPU
		{5233400E-E720-4DE5-8BED-6B11F2AE14C6}.Release|Any CPU.ActiveCfg = Release|Any CPU
		{5233400E-E720-4DE5-8BED-6B11F2AE14C6}.Release|Any CPU.Build.0 = Release|Any CPU
		{B21C205E-5CE2-436E-AFA4-F2A3DAC60D21}.Debug|Any CPU.ActiveCfg = Debug|Any CPU
		{B21C205E-5CE2-436E-AFA4-F2A3DAC60D21}.Debug|Any CPU.Build.0 = Debug|Any CPU
		{B21C205E-5CE2-436E-AFA4-F2A3DAC60D21}.Release|Any CPU.ActiveCfg = Release|Any CPU
		{B21C205E-5CE2-436E-AFA4-F2A3DAC60D21}.Release|Any CPU.Build.0 = Release|Any CPU
		{A8D81938-5739-42C5-AD7E-EB78C63295B9}.Debug|Any CPU.ActiveCfg = Debug|Any CPU
		{A8D81938-5739-42C5-AD7E-EB78C63295B9}.Debug|Any CPU.Build.0 = Debug|Any CPU
		{A8D81938-5739-42C5-AD7E-EB78C63295B9}.Release|Any CPU.ActiveCfg = Release|Any CPU
		{A8D81938-5739-42C5-AD7E-EB78C63295B9}.Release|Any CPU.Build.0 = Release|Any CPU
		{9FE0DAFE-CC25-420D-9909-F4D53FD966B0}.Debug|Any CPU.ActiveCfg = Debug|Any CPU
		{9FE0DAFE-CC25-420D-9909-F4D53FD966B0}.Debug|Any CPU.Build.0 = Debug|Any CPU
		{9FE0DAFE-CC25-420D-9909-F4D53FD966B0}.Release|Any CPU.ActiveCfg = Release|Any CPU
		{9FE0DAFE-CC25-420D-9909-F4D53FD966B0}.Release|Any CPU.Build.0 = Release|Any CPU
	EndGlobalSection
	GlobalSection(SolutionProperties) = preSolution
		HideSolutionNode = FALSE
	EndGlobalSection
	GlobalSection(ExtensibilityGlobals) = postSolution
		SolutionGuid = {9CDB59F5-107A-4A39-8373-EBB133E372F9}
	EndGlobalSection
EndGlobal
